// !$*UTF8*$!
{
	archiveVersion = 1;
	classes = {
	};
	objectVersion = 50;
	objects = {

/* Begin PBXBuildFile section */
		F11D154025B9C0A80046C5A9 /* AppDelegate.swift in Sources */ = {isa = PBXBuildFile; fileRef = F11D153F25B9C0A80046C5A9 /* AppDelegate.swift */; };
		F11D154225B9C0A80046C5A9 /* SceneDelegate.swift in Sources */ = {isa = PBXBuildFile; fileRef = F11D154125B9C0A80046C5A9 /* SceneDelegate.swift */; };
		F11D154425B9C0A90046C5A9 /* ViewController.swift in Sources */ = {isa = PBXBuildFile; fileRef = F11D154325B9C0A90046C5A9 /* ViewController.swift */; };
		F11D154725B9C0A90046C5A9 /* Main.storyboard in Resources */ = {isa = PBXBuildFile; fileRef = F11D154525B9C0A90046C5A9 /* Main.storyboard */; };
		F11D154A25B9C0A90046C5A9 /* MoedaDigital.xcdatamodeld in Sources */ = {isa = PBXBuildFile; fileRef = F11D154825B9C0A90046C5A9 /* MoedaDigital.xcdatamodeld */; };
		F11D154C25B9C0AC0046C5A9 /* Assets.xcassets in Resources */ = {isa = PBXBuildFile; fileRef = F11D154B25B9C0AC0046C5A9 /* Assets.xcassets */; };
		F11D154F25B9C0AC0046C5A9 /* LaunchScreen.storyboard in Resources */ = {isa = PBXBuildFile; fileRef = F11D154D25B9C0AC0046C5A9 /* LaunchScreen.storyboard */; };
		F11D155A25B9C0AC0046C5A9 /* MoedaDigitalTests.swift in Sources */ = {isa = PBXBuildFile; fileRef = F11D155925B9C0AC0046C5A9 /* MoedaDigitalTests.swift */; };
		F11D156525B9C0AC0046C5A9 /* MoedaDigitalUITests.swift in Sources */ = {isa = PBXBuildFile; fileRef = F11D156425B9C0AC0046C5A9 /* MoedaDigitalUITests.swift */; };
/* End PBXBuildFile section */

/* Begin PBXContainerItemProxy section */
		F11D155625B9C0AC0046C5A9 /* PBXContainerItemProxy */ = {
			isa = PBXContainerItemProxy;
			containerPortal = F11D153425B9C0A80046C5A9 /* Project object */;
			proxyType = 1;
			remoteGlobalIDString = F11D153B25B9C0A80046C5A9;
			remoteInfo = MoedaDigital;
		};
		F11D156125B9C0AC0046C5A9 /* PBXContainerItemProxy */ = {
			isa = PBXContainerItemProxy;
			containerPortal = F11D153425B9C0A80046C5A9 /* Project object */;
			proxyType = 1;
			remoteGlobalIDString = F11D153B25B9C0A80046C5A9;
			remoteInfo = MoedaDigital;
		};
/* End PBXContainerItemProxy section */

/* Begin PBXFileReference section */
		F11D153C25B9C0A80046C5A9 /* MoedaDigital.app */ = {isa = PBXFileReference; explicitFileType = wrapper.application; includeInIndex = 0; path = MoedaDigital.app; sourceTree = BUILT_PRODUCTS_DIR; };
		F11D153F25B9C0A80046C5A9 /* AppDelegate.swift */ = {isa = PBXFileReference; lastKnownFileType = sourcecode.swift; path = AppDelegate.swift; sourceTree = "<group>"; };
		F11D154125B9C0A80046C5A9 /* SceneDelegate.swift */ = {isa = PBXFileReference; lastKnownFileType = sourcecode.swift; path = SceneDelegate.swift; sourceTree = "<group>"; };
		F11D154325B9C0A90046C5A9 /* ViewController.swift */ = {isa = PBXFileReference; lastKnownFileType = sourcecode.swift; path = ViewController.swift; sourceTree = "<group>"; };
		F11D154625B9C0A90046C5A9 /* Base */ = {isa = PBXFileReference; lastKnownFileType = file.storyboard; name = Base; path = Base.lproj/Main.storyboard; sourceTree = "<group>"; };
		F11D154925B9C0A90046C5A9 /* MoedaDigital.xcdatamodel */ = {isa = PBXFileReference; lastKnownFileType = wrapper.xcdatamodel; path = MoedaDigital.xcdatamodel; sourceTree = "<group>"; };
		F11D154B25B9C0AC0046C5A9 /* Assets.xcassets */ = {isa = PBXFileReference; lastKnownFileType = folder.assetcatalog; path = Assets.xcassets; sourceTree = "<group>"; };
		F11D154E25B9C0AC0046C5A9 /* Base */ = {isa = PBXFileReference; lastKnownFileType = file.storyboard; name = Base; path = Base.lproj/LaunchScreen.storyboard; sourceTree = "<group>"; };
		F11D155025B9C0AC0046C5A9 /* Info.plist */ = {isa = PBXFileReference; lastKnownFileType = text.plist.xml; path = Info.plist; sourceTree = "<group>"; };
		F11D155525B9C0AC0046C5A9 /* MoedaDigitalTests.xctest */ = {isa = PBXFileReference; explicitFileType = wrapper.cfbundle; includeInIndex = 0; path = MoedaDigitalTests.xctest; sourceTree = BUILT_PRODUCTS_DIR; };
		F11D155925B9C0AC0046C5A9 /* MoedaDigitalTests.swift */ = {isa = PBXFileReference; lastKnownFileType = sourcecode.swift; path = MoedaDigitalTests.swift; sourceTree = "<group>"; };
		F11D155B25B9C0AC0046C5A9 /* Info.plist */ = {isa = PBXFileReference; lastKnownFileType = text.plist.xml; path = Info.plist; sourceTree = "<group>"; };
		F11D156025B9C0AC0046C5A9 /* MoedaDigitalUITests.xctest */ = {isa = PBXFileReference; explicitFileType = wrapper.cfbundle; includeInIndex = 0; path = MoedaDigitalUITests.xctest; sourceTree = BUILT_PRODUCTS_DIR; };
		F11D156425B9C0AC0046C5A9 /* MoedaDigitalUITests.swift */ = {isa = PBXFileReference; lastKnownFileType = sourcecode.swift; path = MoedaDigitalUITests.swift; sourceTree = "<group>"; };
		F11D156625B9C0AC0046C5A9 /* Info.plist */ = {isa = PBXFileReference; lastKnownFileType = text.plist.xml; path = Info.plist; sourceTree = "<group>"; };
/* End PBXFileReference section */

/* Begin PBXFrameworksBuildPhase section */
		F11D153925B9C0A80046C5A9 /* Frameworks */ = {
			isa = PBXFrameworksBuildPhase;
			buildActionMask = 2147483647;
			files = (
			);
			runOnlyForDeploymentPostprocessing = 0;
		};
		F11D155225B9C0AC0046C5A9 /* Frameworks */ = {
			isa = PBXFrameworksBuildPhase;
			buildActionMask = 2147483647;
			files = (
			);
			runOnlyForDeploymentPostprocessing = 0;
		};
		F11D155D25B9C0AC0046C5A9 /* Frameworks */ = {
			isa = PBXFrameworksBuildPhase;
			buildActionMask = 2147483647;
			files = (
			);
			runOnlyForDeploymentPostprocessing = 0;
		};
/* End PBXFrameworksBuildPhase section */

/* Begin PBXGroup section */
		F11D153325B9C0A80046C5A9 = {
			isa = PBXGroup;
			children = (
				F11D153E25B9C0A80046C5A9 /* MoedaDigital */,
				F11D155825B9C0AC0046C5A9 /* MoedaDigitalTests */,
				F11D156325B9C0AC0046C5A9 /* MoedaDigitalUITests */,
				F11D153D25B9C0A80046C5A9 /* Products */,
			);
			sourceTree = "<group>";
		};
		F11D153D25B9C0A80046C5A9 /* Products */ = {
			isa = PBXGroup;
			children = (
				F11D153C25B9C0A80046C5A9 /* MoedaDigital.app */,
				F11D155525B9C0AC0046C5A9 /* MoedaDigitalTests.xctest */,
				F11D156025B9C0AC0046C5A9 /* MoedaDigitalUITests.xctest */,
			);
			name = Products;
			sourceTree = "<group>";
		};
		F11D153E25B9C0A80046C5A9 /* MoedaDigital */ = {
			isa = PBXGroup;
			children = (
				F11D153F25B9C0A80046C5A9 /* AppDelegate.swift */,
				F11D154125B9C0A80046C5A9 /* SceneDelegate.swift */,
				F11D154325B9C0A90046C5A9 /* ViewController.swift */,
				F11D154525B9C0A90046C5A9 /* Main.storyboard */,
				F11D154B25B9C0AC0046C5A9 /* Assets.xcassets */,
				F11D154D25B9C0AC0046C5A9 /* LaunchScreen.storyboard */,
				F11D155025B9C0AC0046C5A9 /* Info.plist */,
				F11D154825B9C0A90046C5A9 /* MoedaDigital.xcdatamodeld */,
			);
			path = MoedaDigital;
			sourceTree = "<group>";
		};
		F11D155825B9C0AC0046C5A9 /* MoedaDigitalTests */ = {
			isa = PBXGroup;
			children = (
				F11D155925B9C0AC0046C5A9 /* MoedaDigitalTests.swift */,
				F11D155B25B9C0AC0046C5A9 /* Info.plist */,
			);
			path = MoedaDigitalTests;
			sourceTree = "<group>";
		};
		F11D156325B9C0AC0046C5A9 /* MoedaDigitalUITests */ = {
			isa = PBXGroup;
			children = (
				F11D156425B9C0AC0046C5A9 /* MoedaDigitalUITests.swift */,
				F11D156625B9C0AC0046C5A9 /* Info.plist */,
			);
			path = MoedaDigitalUITests;
			sourceTree = "<group>";
		};
/* End PBXGroup section */

/* Begin PBXNativeTarget section */
		F11D153B25B9C0A80046C5A9 /* MoedaDigital */ = {
			isa = PBXNativeTarget;
			buildConfigurationList = F11D156925B9C0AC0046C5A9 /* Build configuration list for PBXNativeTarget "MoedaDigital" */;
			buildPhases = (
				F11D153825B9C0A80046C5A9 /* Sources */,
				F11D153925B9C0A80046C5A9 /* Frameworks */,
				F11D153A25B9C0A80046C5A9 /* Resources */,
			);
			buildRules = (
			);
			dependencies = (
			);
			name = MoedaDigital;
			productName = MoedaDigital;
			productReference = F11D153C25B9C0A80046C5A9 /* MoedaDigital.app */;
			productType = "com.apple.product-type.application";
		};
		F11D155425B9C0AC0046C5A9 /* MoedaDigitalTests */ = {
			isa = PBXNativeTarget;
			buildConfigurationList = F11D156C25B9C0AC0046C5A9 /* Build configuration list for PBXNativeTarget "MoedaDigitalTests" */;
			buildPhases = (
				F11D155125B9C0AC0046C5A9 /* Sources */,
				F11D155225B9C0AC0046C5A9 /* Frameworks */,
				F11D155325B9C0AC0046C5A9 /* Resources */,
			);
			buildRules = (
			);
			dependencies = (
				F11D155725B9C0AC0046C5A9 /* PBXTargetDependency */,
			);
			name = MoedaDigitalTests;
			productName = MoedaDigitalTests;
			productReference = F11D155525B9C0AC0046C5A9 /* MoedaDigitalTests.xctest */;
			productType = "com.apple.product-type.bundle.unit-test";
		};
		F11D155F25B9C0AC0046C5A9 /* MoedaDigitalUITests */ = {
			isa = PBXNativeTarget;
			buildConfigurationList = F11D156F25B9C0AC0046C5A9 /* Build configuration list for PBXNativeTarget "MoedaDigitalUITests" */;
			buildPhases = (
				F11D155C25B9C0AC0046C5A9 /* Sources */,
				F11D155D25B9C0AC0046C5A9 /* Frameworks */,
				F11D155E25B9C0AC0046C5A9 /* Resources */,
			);
			buildRules = (
			);
			dependencies = (
				F11D156225B9C0AC0046C5A9 /* PBXTargetDependency */,
			);
			name = MoedaDigitalUITests;
			productName = MoedaDigitalUITests;
			productReference = F11D156025B9C0AC0046C5A9 /* MoedaDigitalUITests.xctest */;
			productType = "com.apple.product-type.bundle.ui-testing";
		};
/* End PBXNativeTarget section */

/* Begin PBXProject section */
		F11D153425B9C0A80046C5A9 /* Project object */ = {
			isa = PBXProject;
			attributes = {
				LastSwiftUpdateCheck = 1230;
				LastUpgradeCheck = 1230;
				TargetAttributes = {
					F11D153B25B9C0A80046C5A9 = {
						CreatedOnToolsVersion = 12.3;
					};
					F11D155425B9C0AC0046C5A9 = {
						CreatedOnToolsVersion = 12.3;
						TestTargetID = F11D153B25B9C0A80046C5A9;
					};
					F11D155F25B9C0AC0046C5A9 = {
						CreatedOnToolsVersion = 12.3;
						TestTargetID = F11D153B25B9C0A80046C5A9;
					};
				};
			};
			buildConfigurationList = F11D153725B9C0A80046C5A9 /* Build configuration list for PBXProject "MoedaDigital" */;
			compatibilityVersion = "Xcode 9.3";
			developmentRegion = en;
			hasScannedForEncodings = 0;
			knownRegions = (
				en,
				Base,
			);
			mainGroup = F11D153325B9C0A80046C5A9;
			productRefGroup = F11D153D25B9C0A80046C5A9 /* Products */;
			projectDirPath = "";
			projectRoot = "";
			targets = (
				F11D153B25B9C0A80046C5A9 /* MoedaDigital */,
				F11D155425B9C0AC0046C5A9 /* MoedaDigitalTests */,
				F11D155F25B9C0AC0046C5A9 /* MoedaDigitalUITests */,
			);
		};
/* End PBXProject section */

/* Begin PBXResourcesBuildPhase section */
		F11D153A25B9C0A80046C5A9 /* Resources */ = {
			isa = PBXResourcesBuildPhase;
			buildActionMask = 2147483647;
			files = (
				F11D154F25B9C0AC0046C5A9 /* LaunchScreen.storyboard in Resources */,
				F11D154C25B9C0AC0046C5A9 /* Assets.xcassets in Resources */,
				F11D154725B9C0A90046C5A9 /* Main.storyboard in Resources */,
			);
			runOnlyForDeploymentPostprocessing = 0;
		};
		F11D155325B9C0AC0046C5A9 /* Resources */ = {
			isa = PBXResourcesBuildPhase;
			buildActionMask = 2147483647;
			files = (
			);
			runOnlyForDeploymentPostprocessing = 0;
		};
		F11D155E25B9C0AC0046C5A9 /* Resources */ = {
			isa = PBXResourcesBuildPhase;
			buildActionMask = 2147483647;
			files = (
			);
			runOnlyForDeploymentPostprocessing = 0;
		};
/* End PBXResourcesBuildPhase section */

/* Begin PBXSourcesBuildPhase section */
		F11D153825B9C0A80046C5A9 /* Sources */ = {
			isa = PBXSourcesBuildPhase;
			buildActionMask = 2147483647;
			files = (
				F11D154425B9C0A90046C5A9 /* ViewController.swift in Sources */,
				F11D154A25B9C0A90046C5A9 /* MoedaDigital.xcdatamodeld in Sources */,
				F11D154025B9C0A80046C5A9 /* AppDelegate.swift in Sources */,
				F11D154225B9C0A80046C5A9 /* SceneDelegate.swift in Sources */,
			);
			runOnlyForDeploymentPostprocessing = 0;
		};
		F11D155125B9C0AC0046C5A9 /* Sources */ = {
			isa = PBXSourcesBuildPhase;
			buildActionMask = 2147483647;
			files = (
				F11D155A25B9C0AC0046C5A9 /* MoedaDigitalTests.swift in Sources */,
			);
			runOnlyForDeploymentPostprocessing = 0;
		};
		F11D155C25B9C0AC0046C5A9 /* Sources */ = {
			isa = PBXSourcesBuildPhase;
			buildActionMask = 2147483647;
			files = (
				F11D156525B9C0AC0046C5A9 /* MoedaDigitalUITests.swift in Sources */,
			);
			runOnlyForDeploymentPostprocessing = 0;
		};
/* End PBXSourcesBuildPhase section */

/* Begin PBXTargetDependency section */
		F11D155725B9C0AC0046C5A9 /* PBXTargetDependency */ = {
			isa = PBXTargetDependency;
			target = F11D153B25B9C0A80046C5A9 /* MoedaDigital */;
			targetProxy = F11D155625B9C0AC0046C5A9 /* PBXContainerItemProxy */;
		};
		F11D156225B9C0AC0046C5A9 /* PBXTargetDependency */ = {
			isa = PBXTargetDependency;
			target = F11D153B25B9C0A80046C5A9 /* MoedaDigital */;
			targetProxy = F11D156125B9C0AC0046C5A9 /* PBXContainerItemProxy */;
		};
/* End PBXTargetDependency section */

/* Begin PBXVariantGroup section */
		F11D154525B9C0A90046C5A9 /* Main.storyboard */ = {
			isa = PBXVariantGroup;
			children = (
				F11D154625B9C0A90046C5A9 /* Base */,
			);
			name = Main.storyboard;
			sourceTree = "<group>";
		};
		F11D154D25B9C0AC0046C5A9 /* LaunchScreen.storyboard */ = {
			isa = PBXVariantGroup;
			children = (
				F11D154E25B9C0AC0046C5A9 /* Base */,
			);
			name = LaunchScreen.storyboard;
			sourceTree = "<group>";
		};
/* End PBXVariantGroup section */

/* Begin XCBuildConfiguration section */
		F11D156725B9C0AC0046C5A9 /* Debug */ = {
			isa = XCBuildConfiguration;
			buildSettings = {
				ALWAYS_SEARCH_USER_PATHS = NO;
				CLANG_ANALYZER_NONNULL = YES;
				CLANG_ANALYZER_NUMBER_OBJECT_CONVERSION = YES_AGGRESSIVE;
				CLANG_CXX_LANGUAGE_STANDARD = "gnu++14";
				CLANG_CXX_LIBRARY = "libc++";
				CLANG_ENABLE_MODULES = YES;
				CLANG_ENABLE_OBJC_ARC = YES;
				CLANG_ENABLE_OBJC_WEAK = YES;
				CLANG_WARN_BLOCK_CAPTURE_AUTORELEASING = YES;
				CLANG_WARN_BOOL_CONVERSION = YES;
				CLANG_WARN_COMMA = YES;
				CLANG_WARN_CONSTANT_CONVERSION = YES;
				CLANG_WARN_DEPRECATED_OBJC_IMPLEMENTATIONS = YES;
				CLANG_WARN_DIRECT_OBJC_ISA_USAGE = YES_ERROR;
				CLANG_WARN_DOCUMENTATION_COMMENTS = YES;
				CLANG_WARN_EMPTY_BODY = YES;
				CLANG_WARN_ENUM_CONVERSION = YES;
				CLANG_WARN_INFINITE_RECURSION = YES;
				CLANG_WARN_INT_CONVERSION = YES;
				CLANG_WARN_NON_LITERAL_NULL_CONVERSION = YES;
				CLANG_WARN_OBJC_IMPLICIT_RETAIN_SELF = YES;
				CLANG_WARN_OBJC_LITERAL_CONVERSION = YES;
				CLANG_WARN_OBJC_ROOT_CLASS = YES_ERROR;
				CLANG_WARN_QUOTED_INCLUDE_IN_FRAMEWORK_HEADER = YES;
				CLANG_WARN_RANGE_LOOP_ANALYSIS = YES;
				CLANG_WARN_STRICT_PROTOTYPES = YES;
				CLANG_WARN_SUSPICIOUS_MOVE = YES;
				CLANG_WARN_UNGUARDED_AVAILABILITY = YES_AGGRESSIVE;
				CLANG_WARN_UNREACHABLE_CODE = YES;
				CLANG_WARN__DUPLICATE_METHOD_MATCH = YES;
				COPY_PHASE_STRIP = NO;
				DEBUG_INFORMATION_FORMAT = dwarf;
				ENABLE_STRICT_OBJC_MSGSEND = YES;
				ENABLE_TESTABILITY = YES;
				GCC_C_LANGUAGE_STANDARD = gnu11;
				GCC_DYNAMIC_NO_PIC = NO;
				GCC_NO_COMMON_BLOCKS = YES;
				GCC_OPTIMIZATION_LEVEL = 0;
				GCC_PREPROCESSOR_DEFINITIONS = (
					"DEBUG=1",
					"$(inherited)",
				);
				GCC_WARN_64_TO_32_BIT_CONVERSION = YES;
				GCC_WARN_ABOUT_RETURN_TYPE = YES_ERROR;
				GCC_WARN_UNDECLARED_SELECTOR = YES;
				GCC_WARN_UNINITIALIZED_AUTOS = YES_AGGRESSIVE;
				GCC_WARN_UNUSED_FUNCTION = YES;
				GCC_WARN_UNUSED_VARIABLE = YES;
				IPHONEOS_DEPLOYMENT_TARGET = 14.3;
				MTL_ENABLE_DEBUG_INFO = INCLUDE_SOURCE;
				MTL_FAST_MATH = YES;
				ONLY_ACTIVE_ARCH = YES;
				SDKROOT = iphoneos;
				SWIFT_ACTIVE_COMPILATION_CONDITIONS = DEBUG;
				SWIFT_OPTIMIZATION_LEVEL = "-Onone";
			};
			name = Debug;
		};
		F11D156825B9C0AC0046C5A9 /* Release */ = {
			isa = XCBuildConfiguration;
			buildSettings = {
				ALWAYS_SEARCH_USER_PATHS = NO;
				CLANG_ANALYZER_NONNULL = YES;
				CLANG_ANALYZER_NUMBER_OBJECT_CONVERSION = YES_AGGRESSIVE;
				CLANG_CXX_LANGUAGE_STANDARD = "gnu++14";
				CLANG_CXX_LIBRARY = "libc++";
				CLANG_ENABLE_MODULES = YES;
				CLANG_ENABLE_OBJC_ARC = YES;
				CLANG_ENABLE_OBJC_WEAK = YES;
				CLANG_WARN_BLOCK_CAPTURE_AUTORELEASING = YES;
				CLANG_WARN_BOOL_CONVERSION = YES;
				CLANG_WARN_COMMA = YES;
				CLANG_WARN_CONSTANT_CONVERSION = YES;
				CLANG_WARN_DEPRECATED_OBJC_IMPLEMENTATIONS = YES;
				CLANG_WARN_DIRECT_OBJC_ISA_USAGE = YES_ERROR;
				CLANG_WARN_DOCUMENTATION_COMMENTS = YES;
				CLANG_WARN_EMPTY_BODY = YES;
				CLANG_WARN_ENUM_CONVERSION = YES;
				CLANG_WARN_INFINITE_RECURSION = YES;
				CLANG_WARN_INT_CONVERSION = YES;
				CLANG_WARN_NON_LITERAL_NULL_CONVERSION = YES;
				CLANG_WARN_OBJC_IMPLICIT_RETAIN_SELF = YES;
				CLANG_WARN_OBJC_LITERAL_CONVERSION = YES;
				CLANG_WARN_OBJC_ROOT_CLASS = YES_ERROR;
				CLANG_WARN_QUOTED_INCLUDE_IN_FRAMEWORK_HEADER = YES;
				CLANG_WARN_RANGE_LOOP_ANALYSIS = YES;
				CLANG_WARN_STRICT_PROTOTYPES = YES;
				CLANG_WARN_SUSPICIOUS_MOVE = YES;
				CLANG_WARN_UNGUARDED_AVAILABILITY = YES_AGGRESSIVE;
				CLANG_WARN_UNREACHABLE_CODE = YES;
				CLANG_WARN__DUPLICATE_METHOD_MATCH = YES;
				COPY_PHASE_STRIP = NO;
				DEBUG_INFORMATION_FORMAT = "dwarf-with-dsym";
				ENABLE_NS_ASSERTIONS = NO;
				ENABLE_STRICT_OBJC_MSGSEND = YES;
				GCC_C_LANGUAGE_STANDARD = gnu11;
				GCC_NO_COMMON_BLOCKS = YES;
				GCC_WARN_64_TO_32_BIT_CONVERSION = YES;
				GCC_WARN_ABOUT_RETURN_TYPE = YES_ERROR;
				GCC_WARN_UNDECLARED_SELECTOR = YES;
				GCC_WARN_UNINITIALIZED_AUTOS = YES_AGGRESSIVE;
				GCC_WARN_UNUSED_FUNCTION = YES;
				GCC_WARN_UNUSED_VARIABLE = YES;
				IPHONEOS_DEPLOYMENT_TARGET = 14.3;
				MTL_ENABLE_DEBUG_INFO = NO;
				MTL_FAST_MATH = YES;
				SDKROOT = iphoneos;
				SWIFT_COMPILATION_MODE = wholemodule;
				SWIFT_OPTIMIZATION_LEVEL = "-O";
				VALIDATE_PRODUCT = YES;
			};
			name = Release;
		};
		F11D156A25B9C0AC0046C5A9 /* Debug */ = {
			isa = XCBuildConfiguration;
			buildSettings = {
				ASSETCATALOG_COMPILER_APPICON_NAME = AppIcon;
				ASSETCATALOG_COMPILER_GLOBAL_ACCENT_COLOR_NAME = AccentColor;
				CODE_SIGN_STYLE = Automatic;
				INFOPLIST_FILE = MoedaDigital/Info.plist;
				LD_RUNPATH_SEARCH_PATHS = (
					"$(inherited)",
					"@executable_path/Frameworks",
				);
				PRODUCT_BUNDLE_IDENTIFIER = grupo2.MoedaDigital;
				PRODUCT_NAME = "$(TARGET_NAME)";
				SWIFT_VERSION = 5.0;
				TARGETED_DEVICE_FAMILY = "1,2";
			};
			name = Debug;
		};
		F11D156B25B9C0AC0046C5A9 /* Release */ = {
			isa = XCBuildConfiguration;
			buildSettings = {
				ASSETCATALOG_COMPILER_APPICON_NAME = AppIcon;
				ASSETCATALOG_COMPILER_GLOBAL_ACCENT_COLOR_NAME = AccentColor;
				CODE_SIGN_STYLE = Automatic;
				INFOPLIST_FILE = MoedaDigital/Info.plist;
				LD_RUNPATH_SEARCH_PATHS = (
					"$(inherited)",
					"@executable_path/Frameworks",
				);
				PRODUCT_BUNDLE_IDENTIFIER = grupo2.MoedaDigital;
				PRODUCT_NAME = "$(TARGET_NAME)";
				SWIFT_VERSION = 5.0;
				TARGETED_DEVICE_FAMILY = "1,2";
			};
			name = Release;
		};
		F11D156D25B9C0AC0046C5A9 /* Debug */ = {
			isa = XCBuildConfiguration;
			buildSettings = {
				ALWAYS_EMBED_SWIFT_STANDARD_LIBRARIES = YES;
				BUNDLE_LOADER = "$(TEST_HOST)";
				CODE_SIGN_STYLE = Automatic;
				INFOPLIST_FILE = MoedaDigitalTests/Info.plist;
				IPHONEOS_DEPLOYMENT_TARGET = 14.3;
				LD_RUNPATH_SEARCH_PATHS = (
					"$(inherited)",
					"@executable_path/Frameworks",
					"@loader_path/Frameworks",
				);
				PRODUCT_BUNDLE_IDENTIFIER = grupo2.MoedaDigitalTests;
				PRODUCT_NAME = "$(TARGET_NAME)";
				SWIFT_VERSION = 5.0;
				TARGETED_DEVICE_FAMILY = "1,2";
				TEST_HOST = "$(BUILT_PRODUCTS_DIR)/MoedaDigital.app/MoedaDigital";
			};
			name = Debug;
		};
		F11D156E25B9C0AC0046C5A9 /* Release */ = {
			isa = XCBuildConfiguration;
			buildSettings = {
				ALWAYS_EMBED_SWIFT_STANDARD_LIBRARIES = YES;
				BUNDLE_LOADER = "$(TEST_HOST)";
				CODE_SIGN_STYLE = Automatic;
				INFOPLIST_FILE = MoedaDigitalTests/Info.plist;
				IPHONEOS_DEPLOYMENT_TARGET = 14.3;
				LD_RUNPATH_SEARCH_PATHS = (
					"$(inherited)",
					"@executable_path/Frameworks",
					"@loader_path/Frameworks",
				);
				PRODUCT_BUNDLE_IDENTIFIER = grupo2.MoedaDigitalTests;
				PRODUCT_NAME = "$(TARGET_NAME)";
				SWIFT_VERSION = 5.0;
				TARGETED_DEVICE_FAMILY = "1,2";
				TEST_HOST = "$(BUILT_PRODUCTS_DIR)/MoedaDigital.app/MoedaDigital";
			};
			name = Release;
		};
		F11D157025B9C0AC0046C5A9 /* Debug */ = {
			isa = XCBuildConfiguration;
			buildSettings = {
				ALWAYS_EMBED_SWIFT_STANDARD_LIBRARIES = YES;
				CODE_SIGN_STYLE = Automatic;
				INFOPLIST_FILE = MoedaDigitalUITests/Info.plist;
				LD_RUNPATH_SEARCH_PATHS = (
					"$(inherited)",
					"@executable_path/Frameworks",
					"@loader_path/Frameworks",
				);
				PRODUCT_BUNDLE_IDENTIFIER = grupo2.MoedaDigitalUITests;
				PRODUCT_NAME = "$(TARGET_NAME)";
				SWIFT_VERSION = 5.0;
				TARGETED_DEVICE_FAMILY = "1,2";
				TEST_TARGET_NAME = MoedaDigital;
			};
			name = Debug;
		};
		F11D157125B9C0AC0046C5A9 /* Release */ = {
			isa = XCBuildConfiguration;
			buildSettings = {
				ALWAYS_EMBED_SWIFT_STANDARD_LIBRARIES = YES;
				CODE_SIGN_STYLE = Automatic;
				INFOPLIST_FILE = MoedaDigitalUITests/Info.plist;
				LD_RUNPATH_SEARCH_PATHS = (
					"$(inherited)",
					"@executable_path/Frameworks",
					"@loader_path/Frameworks",
				);
				PRODUCT_BUNDLE_IDENTIFIER = grupo2.MoedaDigitalUITests;
				PRODUCT_NAME = "$(TARGET_NAME)";
				SWIFT_VERSION = 5.0;
				TARGETED_DEVICE_FAMILY = "1,2";
				TEST_TARGET_NAME = MoedaDigital;
			};
			name = Release;
		};
/* End XCBuildConfiguration section */

/* Begin XCConfigurationList section */
		F11D153725B9C0A80046C5A9 /* Build configuration list for PBXProject "MoedaDigital" */ = {
			isa = XCConfigurationList;
			buildConfigurations = (
				F11D156725B9C0AC0046C5A9 /* Debug */,
				F11D156825B9C0AC0046C5A9 /* Release */,
			);
			defaultConfigurationIsVisible = 0;
			defaultConfigurationName = Release;
		};
		F11D156925B9C0AC0046C5A9 /* Build configuration list for PBXNativeTarget "MoedaDigital" */ = {
			isa = XCConfigurationList;
			buildConfigurations = (
				F11D156A25B9C0AC0046C5A9 /* Debug */,
				F11D156B25B9C0AC0046C5A9 /* Release */,
			);
			defaultConfigurationIsVisible = 0;
			defaultConfigurationName = Release;
		};
		F11D156C25B9C0AC0046C5A9 /* Build configuration list for PBXNativeTarget "MoedaDigitalTests" */ = {
			isa = XCConfigurationList;
			buildConfigurations = (
				F11D156D25B9C0AC0046C5A9 /* Debug */,
				F11D156E25B9C0AC0046C5A9 /* Release */,
			);
			defaultConfigurationIsVisible = 0;
			defaultConfigurationName = Release;
		};
		F11D156F25B9C0AC0046C5A9 /* Build configuration list for PBXNativeTarget "MoedaDigitalUITests" */ = {
			isa = XCConfigurationList;
			buildConfigurations = (
				F11D157025B9C0AC0046C5A9 /* Debug */,
				F11D157125B9C0AC0046C5A9 /* Release */,
			);
			defaultConfigurationIsVisible = 0;
			defaultConfigurationName = Release;
		};
/* End XCConfigurationList section */

/* Begin XCVersionGroup section */
		F11D154825B9C0A90046C5A9 /* MoedaDigital.xcdatamodeld */ = {
			isa = XCVersionGroup;
			children = (
				F11D154925B9C0A90046C5A9 /* MoedaDigital.xcdatamodel */,
			);
			currentVersion = F11D154925B9C0A90046C5A9 /* MoedaDigital.xcdatamodel */;
			path = MoedaDigital.xcdatamodeld;
			sourceTree = "<group>";
			versionGroupType = wrapper.xcdatamodel;
		};
/* End XCVersionGroup section */
	};
	rootObject = F11D153425B9C0A80046C5A9 /* Project object */;
}
